
Microsoft Visual Studio Solution File, Format Version 12.00
# Visual Studio 15
VisualStudioVersion = 15.0.28307.1267
MinimumVisualStudioVersion = 10.0.40219.1
Project("{9A19103F-16F7-4668-BE54-9A1E7A4F7556}") = "BaSbrcWeb", "BaSbrcWeb\BaSbrcWeb.csproj", "{B1ECD817-400B-4449-858D-BB972739F8FF}"
EndProject
Global
	GlobalSection(SolutionConfigurationPlatforms) = preSolution
		Debug|Any CPU = Debug|Any CPU
		Release|Any CPU = Release|Any CPU
	EndGlobalSection
	GlobalSection(ProjectConfigurationPlatforms) = postSolution
		{B1ECD817-400B-4449-858D-BB972739F8FF}.Debug|Any CPU.ActiveCfg = Debug|Any CPU
		{B1ECD817-400B-4449-858D-BB972739F8FF}.Debug|Any CPU.Build.0 = Debug|Any CPU
		{B1ECD817-400B-4449-858D-BB972739F8FF}.Release|Any CPU.ActiveCfg = Release|Any CPU
		{B1ECD817-400B-4449-858D-BB972739F8FF}.Release|Any CPU.Build.0 = Release|Any CPU
	EndGlobalSection
	GlobalSection(SolutionProperties) = preSolution
		HideSolutionNode = FALSE
	EndGlobalSection
	GlobalSection(ExtensibilityGlobals) = postSolution
		SolutionGuid = {10C40DDF-2D4D-4EA5-AAAB-C0F6D31215BB}
	EndGlobalSection
EndGlobal
